
Microsoft Visual Studio Solution File, Format Version 12.00
# Visual Studio 2017
Project("{FAE04EC0-301F-11D3-BF4B-00C04F79EFBC}") = "unity3d-transitioner", "unity3d-transitioner.csproj", "{EEBC8DDA-62D3-6EB6-62D8-451F39A6C117}"
EndProject
Project("{FAE04EC0-301F-11D3-BF4B-00C04F79EFBC}") = "unity3d-transitioner.Editor", "unity3d-transitioner.Editor.csproj", "{9FE1AE0C-F373-7B1D-CBA9-9D2FAD25889D}"
EndProject
Global
	GlobalSection(SolutionConfigurationPlatforms) = preSolution
		Debug|Any CPU = Debug|Any CPU
		Release|Any CPU = Release|Any CPU
	EndGlobalSection
	GlobalSection(ProjectConfigurationPlatforms) = postSolution
		{EEBC8DDA-62D3-6EB6-62D8-451F39A6C117}.Debug|Any CPU.ActiveCfg = Debug|Any CPU
		{EEBC8DDA-62D3-6EB6-62D8-451F39A6C117}.Debug|Any CPU.Build.0 = Debug|Any CPU
		{EEBC8DDA-62D3-6EB6-62D8-451F39A6C117}.Release|Any CPU.ActiveCfg = Release|Any CPU
		{EEBC8DDA-62D3-6EB6-62D8-451F39A6C117}.Release|Any CPU.Build.0 = Release|Any CPU
		{9FE1AE0C-F373-7B1D-CBA9-9D2FAD25889D}.Debug|Any CPU.ActiveCfg = Debug|Any CPU
		{9FE1AE0C-F373-7B1D-CBA9-9D2FAD25889D}.Debug|Any CPU.Build.0 = Debug|Any CPU
		{9FE1AE0C-F373-7B1D-CBA9-9D2FAD25889D}.Release|Any CPU.ActiveCfg = Release|Any CPU
		{9FE1AE0C-F373-7B1D-CBA9-9D2FAD25889D}.Release|Any CPU.Build.0 = Release|Any CPU
	EndGlobalSection
	GlobalSection(SolutionProperties) = preSolution
		HideSolutionNode = FALSE
	EndGlobalSection
EndGlobal
